
Microsoft Visual Studio Solution File, Format Version 12.00
# Visual Studio 15
VisualStudioVersion = 15.0.28010.2041
MinimumVisualStudioVersion = 10.0.40219.1
Project("{FAE04EC0-301F-11D3-BF4B-00C04F79EFBC}") = "YouTubeNetworks", "YouTubeNetworks\YouTubeNetworks.csproj", "{60D8C95E-A2CB-473A-B500-4DBB86AFA2D6}"
EndProject
Global
	GlobalSection(SolutionConfigurationPlatforms) = preSolution
		Debug|Any CPU = Debug|Any CPU
		Release|Any CPU = Release|Any CPU
	EndGlobalSection
	GlobalSection(ProjectConfigurationPlatforms) = postSolution
		{60D8C95E-A2CB-473A-B500-4DBB86AFA2D6}.Debug|Any CPU.ActiveCfg = Debug|Any CPU
		{60D8C95E-A2CB-473A-B500-4DBB86AFA2D6}.Debug|Any CPU.Build.0 = Debug|Any CPU
		{60D8C95E-A2CB-473A-B500-4DBB86AFA2D6}.Release|Any CPU.ActiveCfg = Release|Any CPU
		{60D8C95E-A2CB-473A-B500-4DBB86AFA2D6}.Release|Any CPU.Build.0 = Release|Any CPU
	EndGlobalSection
	GlobalSection(SolutionProperties) = preSolution
		HideSolutionNode = FALSE
	EndGlobalSection
	GlobalSection(ExtensibilityGlobals) = postSolution
		SolutionGuid = {211975D1-22E5-4575-926C-DD8CDF1DFDE1}
	EndGlobalSection
EndGlobal
